
Microsoft Visual Studio Solution File, Format Version 12.00
# Visual Studio Version 17
VisualStudioVersion = 17.1.32407.343
MinimumVisualStudioVersion = 10.0.40219.1
Project("{FAE04EC0-301F-11D3-BF4B-00C04F79EFBC}") = "ProjetoModeloPadraoAspNetCoreMicrosoft", "ProjetoModeloPadraoAspNetCoreMicrosoft\ProjetoModeloPadraoAspNetCoreMicrosoft.csproj", "{FA832AC4-F3B6-4F0B-8F65-A30C07D39448}"
EndProject
Global
	GlobalSection(SolutionConfigurationPlatforms) = preSolution
		Debug|Any CPU = Debug|Any CPU
		Release|Any CPU = Release|Any CPU
	EndGlobalSection
	GlobalSection(ProjectConfigurationPlatforms) = postSolution
		{FA832AC4-F3B6-4F0B-8F65-A30C07D39448}.Debug|Any CPU.ActiveCfg = Debug|Any CPU
		{FA832AC4-F3B6-4F0B-8F65-A30C07D39448}.Debug|Any CPU.Build.0 = Debug|Any CPU
		{FA832AC4-F3B6-4F0B-8F65-A30C07D39448}.Release|Any CPU.ActiveCfg = Release|Any CPU
		{FA832AC4-F3B6-4F0B-8F65-A30C07D39448}.Release|Any CPU.Build.0 = Release|Any CPU
	EndGlobalSection
	GlobalSection(SolutionProperties) = preSolution
		HideSolutionNode = FALSE
	EndGlobalSection
	GlobalSection(ExtensibilityGlobals) = postSolution
		SolutionGuid = {78498513-F9E2-4DFB-8FE6-DBFC3D678404}
	EndGlobalSection
EndGlobal
